
Microsoft Visual Studio Solution File, Format Version 12.00
# Visual Studio Version 17
VisualStudioVersion = 17.4.33110.190
MinimumVisualStudioVersion = 10.0.40219.1
Project("{9A19103F-16F7-4668-BE54-9A1E7A4F7556}") = "AsenkronWebAPI", "AsenkronWebAPI\AsenkronWebAPI.csproj", "{E9BC76DC-7ECA-42C6-8B60-69F753508FE1}"
EndProject
Project("{9A19103F-16F7-4668-BE54-9A1E7A4F7556}") = "TaskConsoleApp", "TaskConsoleApp\TaskConsoleApp.csproj", "{D3F12946-7FA0-43D0-9680-D1481DC9DC61}"
EndProject
Project("{9A19103F-16F7-4668-BE54-9A1E7A4F7556}") = "TaskConsoleApp2", "TaskConsoleApp2\TaskConsoleApp2.csproj", "{069E8F9C-6771-4F52-BCD3-B4059A4B1D0B}"
EndProject
Project("{FAE04EC0-301F-11D3-BF4B-00C04F79EFBC}") = "TaskStartNewApp", "TaskRunApp\TaskStartNewApp.csproj", "{3B80CFA6-6598-4CC5-A3D2-67726A4D5C9F}"
EndProject
Global
	GlobalSection(SolutionConfigurationPlatforms) = preSolution
		Debug|Any CPU = Debug|Any CPU
		Release|Any CPU = Release|Any CPU
	EndGlobalSection
	GlobalSection(ProjectConfigurationPlatforms) = postSolution
		{E9BC76DC-7ECA-42C6-8B60-69F753508FE1}.Debug|Any CPU.ActiveCfg = Debug|Any CPU
		{E9BC76DC-7ECA-42C6-8B60-69F753508FE1}.Debug|Any CPU.Build.0 = Debug|Any CPU
		{E9BC76DC-7ECA-42C6-8B60-69F753508FE1}.Release|Any CPU.ActiveCfg = Release|Any CPU
		{E9BC76DC-7ECA-42C6-8B60-69F753508FE1}.Release|Any CPU.Build.0 = Release|Any CPU
		{D3F12946-7FA0-43D0-9680-D1481DC9DC61}.Debug|Any CPU.ActiveCfg = Debug|Any CPU
		{D3F12946-7FA0-43D0-9680-D1481DC9DC61}.Debug|Any CPU.Build.0 = Debug|Any CPU
		{D3F12946-7FA0-43D0-9680-D1481DC9DC61}.Release|Any CPU.ActiveCfg = Release|Any CPU
		{D3F12946-7FA0-43D0-9680-D1481DC9DC61}.Release|Any CPU.Build.0 = Release|Any CPU
		{069E8F9C-6771-4F52-BCD3-B4059A4B1D0B}.Debug|Any CPU.ActiveCfg = Debug|Any CPU
		{069E8F9C-6771-4F52-BCD3-B4059A4B1D0B}.Debug|Any CPU.Build.0 = Debug|Any CPU
		{069E8F9C-6771-4F52-BCD3-B4059A4B1D0B}.Release|Any CPU.ActiveCfg = Release|Any CPU
		{069E8F9C-6771-4F52-BCD3-B4059A4B1D0B}.Release|Any CPU.Build.0 = Release|Any CPU
		{3B80CFA6-6598-4CC5-A3D2-67726A4D5C9F}.Debug|Any CPU.ActiveCfg = Debug|Any CPU
		{3B80CFA6-6598-4CC5-A3D2-67726A4D5C9F}.Debug|Any CPU.Build.0 = Debug|Any CPU
		{3B80CFA6-6598-4CC5-A3D2-67726A4D5C9F}.Release|Any CPU.ActiveCfg = Release|Any CPU
		{3B80CFA6-6598-4CC5-A3D2-67726A4D5C9F}.Release|Any CPU.Build.0 = Release|Any CPU
	EndGlobalSection
	GlobalSection(SolutionProperties) = preSolution
		HideSolutionNode = FALSE
	EndGlobalSection
	GlobalSection(ExtensibilityGlobals) = postSolution
		SolutionGuid = {34368467-FA04-4390-9C4B-8CFFDB5332ED}
	EndGlobalSection
EndGlobal
